<?xml version="1.0" encoding="utf-8"?>
<Project ToolsVersion="4.0" xmlns="http://schemas.microsoft.com/developer/msbuild/2003">
  <ItemGroup>
    <Filter Include="Header Files">
      <UniqueIdentifier>{58b20b13-9df5-4ff2-a576-57797352147f}</UniqueIdentifier>
    </Filter>
    <Filter Include="Source Files">
      <UniqueIdentifier>{73137548-fe0b-4348-98a4-ba5da9d46684}</UniqueIdentifier>
    </Filter>
  </ItemGroup>
  <ItemGroup>
    <ClInclude Include="TheGameOfLife.cuh">
      <Filter>Header Files</Filter>
    </ClInclude>
    <ClInclude Include="TheGameOfLifeCUDA.cuh">
      <Filter>Header Files</Filter>
    </ClInclude>
  </ItemGroup>
  <ItemGroup>
    <CudaCompile Include="TheGameOfLife.cu">
      <Filter>Source Files</Filter>
    </CudaCompile>
    <CudaCompile Include="TheGameOfLifeCUDA.cu">
      <Filter>Source Files</Filter>
    </CudaCompile>
  </ItemGroup>
</Project>