
Microsoft Visual Studio Solution File, Format Version 12.00
# Visual Studio 14
VisualStudioVersion = 14.0.24720.0
MinimumVisualStudioVersion = 10.0.40219.1
Project("{FAE04EC0-301F-11D3-BF4B-00C04F79EFBC}") = "CellUniverse.CustomControls", "CellUniverse.CustomControls\CellUniverse.CustomControls.csproj", "{B03132DA-8024-4B5B-BE9B-49EECC202B32}"
EndProject
Project("{FAE04EC0-301F-11D3-BF4B-00C04F79EFBC}") = "CellUniverse.Infrastructure", "CellUniverse.Infrastructure\CellUniverse.Infrastructure.csproj", "{E39F291B-0E29-46B4-A757-9FFC5A3BD738}"
EndProject
Project("{FAE04EC0-301F-11D3-BF4B-00C04F79EFBC}") = "CellUniverse.Models", "CellUniverse.Models\CellUniverse.Models.csproj", "{8ADACDF0-04FB-4CE1-8A4C-CBE0CEE99F22}"
EndProject
Project("{FAE04EC0-301F-11D3-BF4B-00C04F79EFBC}") = "CellUniverse.ViewModels", "CellUniverse.ViewModels\CellUniverse.ViewModels.csproj", "{5C54895D-4C06-472C-B618-F720E2C23978}"
EndProject
Project("{FAE04EC0-301F-11D3-BF4B-00C04F79EFBC}") = "CellUniverse.Views", "CellUniverse.Views\CellUniverse.Views.csproj", "{123820BB-B994-4588-948A-AA22825E2856}"
EndProject
Project("{FAE04EC0-301F-11D3-BF4B-00C04F79EFBC}") = "CellUniverse.Models.Old", "CellUniverse.Models.Old\CellUniverse.Models.Old.csproj", "{5C514137-1EB3-4C8C-9449-FB02197670FD}"
EndProject
Global
	GlobalSection(SolutionConfigurationPlatforms) = preSolution
		Debug|Any CPU = Debug|Any CPU
		Debug|x64 = Debug|x64
		Debug|x86 = Debug|x86
		Release|Any CPU = Release|Any CPU
		Release|x64 = Release|x64
		Release|x86 = Release|x86
	EndGlobalSection
	GlobalSection(ProjectConfigurationPlatforms) = postSolution
		{B03132DA-8024-4B5B-BE9B-49EECC202B32}.Debug|Any CPU.ActiveCfg = Debug|Any CPU
		{B03132DA-8024-4B5B-BE9B-49EECC202B32}.Debug|Any CPU.Build.0 = Debug|Any CPU
		{B03132DA-8024-4B5B-BE9B-49EECC202B32}.Debug|x64.ActiveCfg = Debug|x64
		{B03132DA-8024-4B5B-BE9B-49EECC202B32}.Debug|x64.Build.0 = Debug|x64
		{B03132DA-8024-4B5B-BE9B-49EECC202B32}.Debug|x86.ActiveCfg = Debug|Any CPU
		{B03132DA-8024-4B5B-BE9B-49EECC202B32}.Debug|x86.Build.0 = Debug|Any CPU
		{B03132DA-8024-4B5B-BE9B-49EECC202B32}.Release|Any CPU.ActiveCfg = Release|Any CPU
		{B03132DA-8024-4B5B-BE9B-49EECC202B32}.Release|Any CPU.Build.0 = Release|Any CPU
		{B03132DA-8024-4B5B-BE9B-49EECC202B32}.Release|x64.ActiveCfg = Release|x64
		{B03132DA-8024-4B5B-BE9B-49EECC202B32}.Release|x64.Build.0 = Release|x64
		{B03132DA-8024-4B5B-BE9B-49EECC202B32}.Release|x86.ActiveCfg = Release|Any CPU
		{B03132DA-8024-4B5B-BE9B-49EECC202B32}.Release|x86.Build.0 = Release|Any CPU
		{E39F291B-0E29-46B4-A757-9FFC5A3BD738}.Debug|Any CPU.ActiveCfg = Debug|Any CPU
		{E39F291B-0E29-46B4-A757-9FFC5A3BD738}.Debug|Any CPU.Build.0 = Debug|Any CPU
		{E39F291B-0E29-46B4-A757-9FFC5A3BD738}.Debug|x64.ActiveCfg = Debug|x64
		{E39F291B-0E29-46B4-A757-9FFC5A3BD738}.Debug|x64.Build.0 = Debug|x64
		{E39F291B-0E29-46B4-A757-9FFC5A3BD738}.Debug|x86.ActiveCfg = Debug|Any CPU
		{E39F291B-0E29-46B4-A757-9FFC5A3BD738}.Debug|x86.Build.0 = Debug|Any CPU
		{E39F291B-0E29-46B4-A757-9FFC5A3BD738}.Release|Any CPU.ActiveCfg = Release|Any CPU
		{E39F291B-0E29-46B4-A757-9FFC5A3BD738}.Release|Any CPU.Build.0 = Release|Any CPU
		{E39F291B-0E29-46B4-A757-9FFC5A3BD738}.Release|x64.ActiveCfg = Release|x64
		{E39F291B-0E29-46B4-A757-9FFC5A3BD738}.Release|x64.Build.0 = Release|x64
		{E39F291B-0E29-46B4-A757-9FFC5A3BD738}.Release|x86.ActiveCfg = Release|Any CPU
		{E39F291B-0E29-46B4-A757-9FFC5A3BD738}.Release|x86.Build.0 = Release|Any CPU
		{8ADACDF0-04FB-4CE1-8A4C-CBE0CEE99F22}.Debug|Any CPU.ActiveCfg = Debug|Any CPU
		{8ADACDF0-04FB-4CE1-8A4C-CBE0CEE99F22}.Debug|Any CPU.Build.0 = Debug|Any CPU
		{8ADACDF0-04FB-4CE1-8A4C-CBE0CEE99F22}.Debug|x64.ActiveCfg = Debug|x64
		{8ADACDF0-04FB-4CE1-8A4C-CBE0CEE99F22}.Debug|x64.Build.0 = Debug|x64
		{8ADACDF0-04FB-4CE1-8A4C-CBE0CEE99F22}.Debug|x86.ActiveCfg = Debug|Any CPU
		{8ADACDF0-04FB-4CE1-8A4C-CBE0CEE99F22}.Debug|x86.Build.0 = Debug|Any CPU
		{8ADACDF0-04FB-4CE1-8A4C-CBE0CEE99F22}.Release|Any CPU.ActiveCfg = Release|Any CPU
		{8ADACDF0-04FB-4CE1-8A4C-CBE0CEE99F22}.Release|Any CPU.Build.0 = Release|Any CPU
		{8ADACDF0-04FB-4CE1-8A4C-CBE0CEE99F22}.Release|x64.ActiveCfg = Release|x64
		{8ADACDF0-04FB-4CE1-8A4C-CBE0CEE99F22}.Release|x64.Build.0 = Release|x64
		{8ADACDF0-04FB-4CE1-8A4C-CBE0CEE99F22}.Release|x86.ActiveCfg = Release|Any CPU
		{8ADACDF0-04FB-4CE1-8A4C-CBE0CEE99F22}.Release|x86.Build.0 = Release|Any CPU
		{5C54895D-4C06-472C-B618-F720E2C23978}.Debug|Any CPU.ActiveCfg = Debug|Any CPU
		{5C54895D-4C06-472C-B618-F720E2C23978}.Debug|Any CPU.Build.0 = Debug|Any CPU
		{5C54895D-4C06-472C-B618-F720E2C23978}.Debug|x64.ActiveCfg = Debug|x64
		{5C54895D-4C06-472C-B618-F720E2C23978}.Debug|x64.Build.0 = Debug|x64
		{5C54895D-4C06-472C-B618-F720E2C23978}.Debug|x86.ActiveCfg = Debug|Any CPU
		{5C54895D-4C06-472C-B618-F720E2C23978}.Debug|x86.Build.0 = Debug|Any CPU
		{5C54895D-4C06-472C-B618-F720E2C23978}.Release|Any CPU.ActiveCfg = Release|Any CPU
		{5C54895D-4C06-472C-B618-F720E2C23978}.Release|Any CPU.Build.0 = Release|Any CPU
		{5C54895D-4C06-472C-B618-F720E2C23978}.Release|x64.ActiveCfg = Release|x64
		{5C54895D-4C06-472C-B618-F720E2C23978}.Release|x64.Build.0 = Release|x64
		{5C54895D-4C06-472C-B618-F720E2C23978}.Release|x86.ActiveCfg = Release|Any CPU
		{5C54895D-4C06-472C-B618-F720E2C23978}.Release|x86.Build.0 = Release|Any CPU
		{123820BB-B994-4588-948A-AA22825E2856}.Debug|Any CPU.ActiveCfg = Debug|Any CPU
		{123820BB-B994-4588-948A-AA22825E2856}.Debug|Any CPU.Build.0 = Debug|Any CPU
		{123820BB-B994-4588-948A-AA22825E2856}.Debug|x64.ActiveCfg = Debug|Any CPU
		{123820BB-B994-4588-948A-AA22825E2856}.Debug|x64.Build.0 = Debug|Any CPU
		{123820BB-B994-4588-948A-AA22825E2856}.Debug|x86.ActiveCfg = Debug|Any CPU
		{123820BB-B994-4588-948A-AA22825E2856}.Debug|x86.Build.0 = Debug|Any CPU
		{123820BB-B994-4588-948A-AA22825E2856}.Release|Any CPU.ActiveCfg = Release|Any CPU
		{123820BB-B994-4588-948A-AA22825E2856}.Release|Any CPU.Build.0 = Release|Any CPU
		{123820BB-B994-4588-948A-AA22825E2856}.Release|x64.ActiveCfg = Release|x64
		{123820BB-B994-4588-948A-AA22825E2856}.Release|x64.Build.0 = Release|x64
		{123820BB-B994-4588-948A-AA22825E2856}.Release|x86.ActiveCfg = Release|Any CPU
		{123820BB-B994-4588-948A-AA22825E2856}.Release|x86.Build.0 = Release|Any CPU
		{5C514137-1EB3-4C8C-9449-FB02197670FD}.Debug|Any CPU.ActiveCfg = Debug|Any CPU
		{5C514137-1EB3-4C8C-9449-FB02197670FD}.Debug|Any CPU.Build.0 = Debug|Any CPU
		{5C514137-1EB3-4C8C-9449-FB02197670FD}.Debug|x64.ActiveCfg = Debug|x64
		{5C514137-1EB3-4C8C-9449-FB02197670FD}.Debug|x64.Build.0 = Debug|x64
		{5C514137-1EB3-4C8C-9449-FB02197670FD}.Debug|x86.ActiveCfg = Debug|Any CPU
		{5C514137-1EB3-4C8C-9449-FB02197670FD}.Debug|x86.Build.0 = Debug|Any CPU
		{5C514137-1EB3-4C8C-9449-FB02197670FD}.Release|Any CPU.ActiveCfg = Release|Any CPU
		{5C514137-1EB3-4C8C-9449-FB02197670FD}.Release|Any CPU.Build.0 = Release|Any CPU
		{5C514137-1EB3-4C8C-9449-FB02197670FD}.Release|x64.ActiveCfg = Release|x64
		{5C514137-1EB3-4C8C-9449-FB02197670FD}.Release|x64.Build.0 = Release|x64
		{5C514137-1EB3-4C8C-9449-FB02197670FD}.Release|x86.ActiveCfg = Release|Any CPU
		{5C514137-1EB3-4C8C-9449-FB02197670FD}.Release|x86.Build.0 = Release|Any CPU
	EndGlobalSection
	GlobalSection(SolutionProperties) = preSolution
		HideSolutionNode = FALSE
	EndGlobalSection
EndGlobal
